
Microsoft Visual Studio Solution File, Format Version 12.00
# Visual Studio 15
VisualStudioVersion = 15.0.28307.1300
MinimumVisualStudioVersion = 10.0.40219.1
Project("{FAE04EC0-301F-11D3-BF4B-00C04F79EFBC}") = "BuildTool", "BuildTool.csproj", "{DAF445D2-8E71-467D-89D6-CB627ED102A4}"
EndProject
Project("{FAE04EC0-301F-11D3-BF4B-00C04F79EFBC}") = "Channel", "Channel\Channel.csproj", "{4B810A5A-9A5E-430D-8862-87358C57D411}"
EndProject
Global
	GlobalSection(SolutionConfigurationPlatforms) = preSolution
		Debug|Any CPU = Debug|Any CPU
		Release|Any CPU = Release|Any CPU
	EndGlobalSection
	GlobalSection(ProjectConfigurationPlatforms) = postSolution
		{DAF445D2-8E71-467D-89D6-CB627ED102A4}.Debug|Any CPU.ActiveCfg = Debug|Any CPU
		{DAF445D2-8E71-467D-89D6-CB627ED102A4}.Debug|Any CPU.Build.0 = Debug|Any CPU
		{DAF445D2-8E71-467D-89D6-CB627ED102A4}.Release|Any CPU.ActiveCfg = Release|Any CPU
		{DAF445D2-8E71-467D-89D6-CB627ED102A4}.Release|Any CPU.Build.0 = Release|Any CPU
		{4B810A5A-9A5E-430D-8862-87358C57D411}.Debug|Any CPU.ActiveCfg = Debug|Any CPU
		{4B810A5A-9A5E-430D-8862-87358C57D411}.Debug|Any CPU.Build.0 = Debug|Any CPU
		{4B810A5A-9A5E-430D-8862-87358C57D411}.Release|Any CPU.ActiveCfg = Release|Any CPU
		{4B810A5A-9A5E-430D-8862-87358C57D411}.Release|Any CPU.Build.0 = Release|Any CPU
	EndGlobalSection
	GlobalSection(SolutionProperties) = preSolution
		HideSolutionNode = FALSE
	EndGlobalSection
	GlobalSection(ExtensibilityGlobals) = postSolution
		SolutionGuid = {F64F62EE-438A-4B44-972E-17F240470D30}
	EndGlobalSection
EndGlobal
